// !$*UTF8*$!
{
	archiveVersion = 1;
	classes = {
	};
	objectVersion = 46;
	objects = {

/* Begin PBXBuildFile section */
		FA26F8601DA9C712001EAB75 /* SplashState.cpp in Sources */ = {isa = PBXBuildFile; fileRef = FA26F85E1DA9C712001EAB75 /* SplashState.cpp */; };
		FA280E511DCDDFF600DBCF90 /* golden_sun.wav in Resources */ = {isa = PBXBuildFile; fileRef = FA280E501DCDDFF600DBCF90 /* golden_sun.wav */; };
		FA280E5D1DCEB10500DBCF90 /* black_mage.png in Resources */ = {isa = PBXBuildFile; fileRef = FA280E5C1DCEB10500DBCF90 /* black_mage.png */; };
		FA280E621DD1728700DBCF90 /* ff_sprite_sheet.png in Resources */ = {isa = PBXBuildFile; fileRef = FA280E5E1DD1728700DBCF90 /* ff_sprite_sheet.png */; };
		FA280E631DD1728700DBCF90 /* map_tiles.png in Resources */ = {isa = PBXBuildFile; fileRef = FA280E5F1DD1728700DBCF90 /* map_tiles.png */; };
		FA280E641DD1728700DBCF90 /* skeletons.png in Resources */ = {isa = PBXBuildFile; fileRef = FA280E601DD1728700DBCF90 /* skeletons.png */; };
		FA280E651DD1728700DBCF90 /* zelda sprites.png in Resources */ = {isa = PBXBuildFile; fileRef = FA280E611DD1728700DBCF90 /* zelda sprites.png */; };
		FA280E681DD18B6B00DBCF90 /* KeyboardManager.cpp in Sources */ = {isa = PBXBuildFile; fileRef = FA280E661DD18B6B00DBCF90 /* KeyboardManager.cpp */; };
		FA280E6B1DD2F90400DBCF90 /* DialogState.cpp in Sources */ = {isa = PBXBuildFile; fileRef = FA280E691DD2F90400DBCF90 /* DialogState.cpp */; };
		FA280E6F1DD3199500DBCF90 /* fixedsys.ttf in Resources */ = {isa = PBXBuildFile; fileRef = FA280E6E1DD3199500DBCF90 /* fixedsys.ttf */; };
		FA6AF5081DCBFFF500E258AD /* IntroState.cpp in Sources */ = {isa = PBXBuildFile; fileRef = FA6AF5061DCBFFF500E258AD /* IntroState.cpp */; };
		FA6AF50F1DCC13CF00E258AD /* gameboy_start_up.wav in Resources */ = {isa = PBXBuildFile; fileRef = FA6AF50D1DCC13CF00E258AD /* gameboy_start_up.wav */; };
		FA6AF5101DCC13CF00E258AD /* victory.wav in Resources */ = {isa = PBXBuildFile; fileRef = FA6AF50E1DCC13CF00E258AD /* victory.wav */; };
		FA6AF5151DCC8D2600E258AD /* Log.cpp in Sources */ = {isa = PBXBuildFile; fileRef = FA6AF5131DCC8D2600E258AD /* Log.cpp */; };
		FA90C53B1DA0C72A00096236 /* ResourcePath.mm in Sources */ = {isa = PBXBuildFile; fileRef = FA90C53A1DA0C72A00096236 /* ResourcePath.mm */; };
		FA90C53E1DA0C72A00096236 /* main.cpp in Sources */ = {isa = PBXBuildFile; fileRef = FA90C53D1DA0C72A00096236 /* main.cpp */; };
		FA90C5411DA0C72A00096236 /* cute_image.jpg in Resources */ = {isa = PBXBuildFile; fileRef = FA90C5401DA0C72A00096236 /* cute_image.jpg */; };
		FA90C5431DA0C72A00096236 /* nice_music.ogg in Resources */ = {isa = PBXBuildFile; fileRef = FA90C5421DA0C72A00096236 /* nice_music.ogg */; };
		FA90C5451DA0C72A00096236 /* sansation.ttf in Resources */ = {isa = PBXBuildFile; fileRef = FA90C5441DA0C72A00096236 /* sansation.ttf */; };
		FA90C5471DA0C72A00096236 /* icon.png in Resources */ = {isa = PBXBuildFile; fileRef = FA90C5461DA0C72A00096236 /* icon.png */; };
		FABB3B581DA861A4009E1CFF /* GameEngine.cpp in Sources */ = {isa = PBXBuildFile; fileRef = FABB3B561DA861A4009E1CFF /* GameEngine.cpp */; };
		FABB3B5B1DA87134009E1CFF /* State.cpp in Sources */ = {isa = PBXBuildFile; fileRef = FABB3B591DA87134009E1CFF /* State.cpp */; };
		FABB3B5E1DA880BF009E1CFF /* ResourceManager.cpp in Sources */ = {isa = PBXBuildFile; fileRef = FABB3B5C1DA880BF009E1CFF /* ResourceManager.cpp */; };
		FABB3B611DA88D89009E1CFF /* StateStack.cpp in Sources */ = {isa = PBXBuildFile; fileRef = FABB3B5F1DA88D89009E1CFF /* StateStack.cpp */; };
		FAEFEBEA1DCA9B29002A99CC /* MainMenuState.cpp in Sources */ = {isa = PBXBuildFile; fileRef = FAEFEBE81DCA9B29002A99CC /* MainMenuState.cpp */; };
		FAEFEBED1DCA9C0F002A99CC /* WorldMapState.cpp in Sources */ = {isa = PBXBuildFile; fileRef = FAEFEBEB1DCA9C0F002A99CC /* WorldMapState.cpp */; };
		FAEFEBF21DCABF64002A99CC /* BlankState.cpp in Sources */ = {isa = PBXBuildFile; fileRef = FAEFEBF01DCABF64002A99CC /* BlankState.cpp */; };
		FAEFEBF71DCAC43A002A99CC /* main_menu.jpg in Resources */ = {isa = PBXBuildFile; fileRef = FAEFEBF51DCAC43A002A99CC /* main_menu.jpg */; };
		FAEFEBF81DCAC43A002A99CC /* world_map.jpg in Resources */ = {isa = PBXBuildFile; fileRef = FAEFEBF61DCAC43A002A99CC /* world_map.jpg */; };
		FAEFEBFC1DCACE46002A99CC /* nintendo_splash.png in Resources */ = {isa = PBXBuildFile; fileRef = FAEFEBFB1DCACE46002A99CC /* nintendo_splash.png */; };
/* End PBXBuildFile section */

/* Begin PBXFileReference section */
		FA26F85E1DA9C712001EAB75 /* SplashState.cpp */ = {isa = PBXFileReference; fileEncoding = 4; lastKnownFileType = sourcecode.cpp.cpp; path = SplashState.cpp; sourceTree = "<group>"; };
		FA26F85F1DA9C712001EAB75 /* SplashState.hpp */ = {isa = PBXFileReference; fileEncoding = 4; lastKnownFileType = sourcecode.cpp.h; path = SplashState.hpp; sourceTree = "<group>"; };
		FA280E501DCDDFF600DBCF90 /* golden_sun.wav */ = {isa = PBXFileReference; lastKnownFileType = audio.wav; path = golden_sun.wav; sourceTree = "<group>"; };
		FA280E5C1DCEB10500DBCF90 /* black_mage.png */ = {isa = PBXFileReference; lastKnownFileType = image.png; path = black_mage.png; sourceTree = "<group>"; };
		FA280E5E1DD1728700DBCF90 /* ff_sprite_sheet.png */ = {isa = PBXFileReference; lastKnownFileType = image.png; path = ff_sprite_sheet.png; sourceTree = "<group>"; };
		FA280E5F1DD1728700DBCF90 /* map_tiles.png */ = {isa = PBXFileReference; lastKnownFileType = image.png; path = map_tiles.png; sourceTree = "<group>"; };
		FA280E601DD1728700DBCF90 /* skeletons.png */ = {isa = PBXFileReference; lastKnownFileType = image.png; path = skeletons.png; sourceTree = "<group>"; };
		FA280E611DD1728700DBCF90 /* zelda sprites.png */ = {isa = PBXFileReference; lastKnownFileType = image.png; path = "zelda sprites.png"; sourceTree = "<group>"; };
		FA280E661DD18B6B00DBCF90 /* KeyboardManager.cpp */ = {isa = PBXFileReference; fileEncoding = 4; lastKnownFileType = sourcecode.cpp.cpp; path = KeyboardManager.cpp; sourceTree = "<group>"; };
		FA280E671DD18B6B00DBCF90 /* KeyboardManager.hpp */ = {isa = PBXFileReference; fileEncoding = 4; lastKnownFileType = sourcecode.cpp.h; path = KeyboardManager.hpp; sourceTree = "<group>"; };
		FA280E691DD2F90400DBCF90 /* DialogState.cpp */ = {isa = PBXFileReference; fileEncoding = 4; lastKnownFileType = sourcecode.cpp.cpp; path = DialogState.cpp; sourceTree = "<group>"; };
		FA280E6A1DD2F90400DBCF90 /* DialogState.hpp */ = {isa = PBXFileReference; fileEncoding = 4; lastKnownFileType = sourcecode.cpp.h; path = DialogState.hpp; sourceTree = "<group>"; };
		FA280E6E1DD3199500DBCF90 /* fixedsys.ttf */ = {isa = PBXFileReference; lastKnownFileType = file; path = fixedsys.ttf; sourceTree = "<group>"; };
		FA6AF5061DCBFFF500E258AD /* IntroState.cpp */ = {isa = PBXFileReference; fileEncoding = 4; lastKnownFileType = sourcecode.cpp.cpp; path = IntroState.cpp; sourceTree = "<group>"; };
		FA6AF5071DCBFFF500E258AD /* IntroState.hpp */ = {isa = PBXFileReference; fileEncoding = 4; lastKnownFileType = sourcecode.cpp.h; path = IntroState.hpp; sourceTree = "<group>"; };
		FA6AF50D1DCC13CF00E258AD /* gameboy_start_up.wav */ = {isa = PBXFileReference; lastKnownFileType = audio.wav; path = gameboy_start_up.wav; sourceTree = "<group>"; };
		FA6AF50E1DCC13CF00E258AD /* victory.wav */ = {isa = PBXFileReference; lastKnownFileType = audio.wav; path = victory.wav; sourceTree = "<group>"; };
		FA6AF5131DCC8D2600E258AD /* Log.cpp */ = {isa = PBXFileReference; fileEncoding = 4; lastKnownFileType = sourcecode.cpp.cpp; path = Log.cpp; sourceTree = "<group>"; };
		FA6AF5141DCC8D2600E258AD /* Log.hpp */ = {isa = PBXFileReference; fileEncoding = 4; lastKnownFileType = sourcecode.cpp.h; path = Log.hpp; sourceTree = "<group>"; };
		FA90C5351DA0C72A00096236 /* First Fantasy.app */ = {isa = PBXFileReference; explicitFileType = wrapper.application; includeInIndex = 0; path = "First Fantasy.app"; sourceTree = BUILT_PRODUCTS_DIR; };
		FA90C5391DA0C72A00096236 /* First Fantasy-Info.plist */ = {isa = PBXFileReference; lastKnownFileType = text.plist.xml; path = "First Fantasy-Info.plist"; sourceTree = "<group>"; };
		FA90C53A1DA0C72A00096236 /* ResourcePath.mm */ = {isa = PBXFileReference; lastKnownFileType = sourcecode.cpp.objcpp; path = ResourcePath.mm; sourceTree = "<group>"; };
		FA90C53C1DA0C72A00096236 /* ResourcePath.hpp */ = {isa = PBXFileReference; lastKnownFileType = sourcecode.cpp.h; path = ResourcePath.hpp; sourceTree = "<group>"; };
		FA90C53D1DA0C72A00096236 /* main.cpp */ = {isa = PBXFileReference; lastKnownFileType = sourcecode.cpp.cpp; path = main.cpp; sourceTree = "<group>"; };
		FA90C5401DA0C72A00096236 /* cute_image.jpg */ = {isa = PBXFileReference; lastKnownFileType = image.jpeg; path = cute_image.jpg; sourceTree = "<group>"; };
		FA90C5421DA0C72A00096236 /* nice_music.ogg */ = {isa = PBXFileReference; lastKnownFileType = file; path = nice_music.ogg; sourceTree = "<group>"; };
		FA90C5441DA0C72A00096236 /* sansation.ttf */ = {isa = PBXFileReference; lastKnownFileType = file; path = sansation.ttf; sourceTree = "<group>"; };
		FA90C5461DA0C72A00096236 /* icon.png */ = {isa = PBXFileReference; lastKnownFileType = image.png; path = icon.png; sourceTree = "<group>"; };
		FABB3B561DA861A4009E1CFF /* GameEngine.cpp */ = {isa = PBXFileReference; fileEncoding = 4; lastKnownFileType = sourcecode.cpp.cpp; path = GameEngine.cpp; sourceTree = "<group>"; };
		FABB3B571DA861A4009E1CFF /* GameEngine.hpp */ = {isa = PBXFileReference; fileEncoding = 4; lastKnownFileType = sourcecode.cpp.h; path = GameEngine.hpp; sourceTree = "<group>"; };
		FABB3B591DA87134009E1CFF /* State.cpp */ = {isa = PBXFileReference; fileEncoding = 4; lastKnownFileType = sourcecode.cpp.cpp; path = State.cpp; sourceTree = "<group>"; };
		FABB3B5A1DA87134009E1CFF /* State.hpp */ = {isa = PBXFileReference; fileEncoding = 4; lastKnownFileType = sourcecode.cpp.h; path = State.hpp; sourceTree = "<group>"; };
		FABB3B5C1DA880BF009E1CFF /* ResourceManager.cpp */ = {isa = PBXFileReference; fileEncoding = 4; lastKnownFileType = sourcecode.cpp.cpp; path = ResourceManager.cpp; sourceTree = "<group>"; };
		FABB3B5D1DA880BF009E1CFF /* ResourceManager.hpp */ = {isa = PBXFileReference; fileEncoding = 4; lastKnownFileType = sourcecode.cpp.h; path = ResourceManager.hpp; sourceTree = "<group>"; };
		FABB3B5F1DA88D89009E1CFF /* StateStack.cpp */ = {isa = PBXFileReference; fileEncoding = 4; lastKnownFileType = sourcecode.cpp.cpp; path = StateStack.cpp; sourceTree = "<group>"; };
		FABB3B601DA88D89009E1CFF /* StateStack.hpp */ = {isa = PBXFileReference; fileEncoding = 4; lastKnownFileType = sourcecode.cpp.h; path = StateStack.hpp; sourceTree = "<group>"; };
		FAEFEBE81DCA9B29002A99CC /* MainMenuState.cpp */ = {isa = PBXFileReference; fileEncoding = 4; lastKnownFileType = sourcecode.cpp.cpp; path = MainMenuState.cpp; sourceTree = "<group>"; };
		FAEFEBE91DCA9B29002A99CC /* MainMenuState.hpp */ = {isa = PBXFileReference; fileEncoding = 4; lastKnownFileType = sourcecode.cpp.h; path = MainMenuState.hpp; sourceTree = "<group>"; };
		FAEFEBEB1DCA9C0F002A99CC /* WorldMapState.cpp */ = {isa = PBXFileReference; fileEncoding = 4; lastKnownFileType = sourcecode.cpp.cpp; path = WorldMapState.cpp; sourceTree = "<group>"; };
		FAEFEBEC1DCA9C0F002A99CC /* WorldMapState.hpp */ = {isa = PBXFileReference; fileEncoding = 4; lastKnownFileType = sourcecode.cpp.h; path = WorldMapState.hpp; sourceTree = "<group>"; };
		FAEFEBF01DCABF64002A99CC /* BlankState.cpp */ = {isa = PBXFileReference; fileEncoding = 4; lastKnownFileType = sourcecode.cpp.cpp; path = BlankState.cpp; sourceTree = "<group>"; };
		FAEFEBF11DCABF64002A99CC /* BlankState.hpp */ = {isa = PBXFileReference; fileEncoding = 4; lastKnownFileType = sourcecode.cpp.h; path = BlankState.hpp; sourceTree = "<group>"; };
		FAEFEBF51DCAC43A002A99CC /* main_menu.jpg */ = {isa = PBXFileReference; lastKnownFileType = image.jpeg; path = main_menu.jpg; sourceTree = "<group>"; };
		FAEFEBF61DCAC43A002A99CC /* world_map.jpg */ = {isa = PBXFileReference; lastKnownFileType = image.jpeg; path = world_map.jpg; sourceTree = "<group>"; };
		FAEFEBFB1DCACE46002A99CC /* nintendo_splash.png */ = {isa = PBXFileReference; lastKnownFileType = image.png; path = nintendo_splash.png; sourceTree = "<group>"; };
/* End PBXFileReference section */

/* Begin PBXFrameworksBuildPhase section */
		FA90C5311DA0C72A00096236 /* Frameworks */ = {
			isa = PBXFrameworksBuildPhase;
			buildActionMask = 2147483647;
			files = (
			);
			runOnlyForDeploymentPostprocessing = 0;
		};
/* End PBXFrameworksBuildPhase section */

/* Begin PBXGroup section */
		FA6AF5111DCC8CF900E258AD /* States */ = {
			isa = PBXGroup;
			children = (
				FAEFEBEB1DCA9C0F002A99CC /* WorldMapState.cpp */,
				FAEFEBEC1DCA9C0F002A99CC /* WorldMapState.hpp */,
				FAEFEBE81DCA9B29002A99CC /* MainMenuState.cpp */,
				FAEFEBE91DCA9B29002A99CC /* MainMenuState.hpp */,
				FA6AF5061DCBFFF500E258AD /* IntroState.cpp */,
				FA6AF5071DCBFFF500E258AD /* IntroState.hpp */,
				FA26F85E1DA9C712001EAB75 /* SplashState.cpp */,
				FA26F85F1DA9C712001EAB75 /* SplashState.hpp */,
				FA280E691DD2F90400DBCF90 /* DialogState.cpp */,
				FA280E6A1DD2F90400DBCF90 /* DialogState.hpp */,
				FAEFEBF01DCABF64002A99CC /* BlankState.cpp */,
				FAEFEBF11DCABF64002A99CC /* BlankState.hpp */,
				FABB3B591DA87134009E1CFF /* State.cpp */,
				FABB3B5A1DA87134009E1CFF /* State.hpp */,
			);
			name = States;
			sourceTree = "<group>";
		};
		FA6AF5121DCC8D1000E258AD /* Utility */ = {
			isa = PBXGroup;
			children = (
				FA90C53A1DA0C72A00096236 /* ResourcePath.mm */,
				FA90C53C1DA0C72A00096236 /* ResourcePath.hpp */,
				FA6AF5131DCC8D2600E258AD /* Log.cpp */,
				FA6AF5141DCC8D2600E258AD /* Log.hpp */,
			);
			name = Utility;
			sourceTree = "<group>";
		};
		FA90C52B1DA0C72A00096236 = {
			isa = PBXGroup;
			children = (
				FA90C5371DA0C72A00096236 /* First Fantasy */,
				FA90C5361DA0C72A00096236 /* Products */,
			);
			sourceTree = "<group>";
		};
		FA90C5361DA0C72A00096236 /* Products */ = {
			isa = PBXGroup;
			children = (
				FA90C5351DA0C72A00096236 /* First Fantasy.app */,
			);
			name = Products;
			sourceTree = "<group>";
		};
		FA90C5371DA0C72A00096236 /* First Fantasy */ = {
			isa = PBXGroup;
			children = (
				FA6AF5121DCC8D1000E258AD /* Utility */,
				FA90C53D1DA0C72A00096236 /* main.cpp */,
				FA6AF5111DCC8CF900E258AD /* States */,
				FABB3B5F1DA88D89009E1CFF /* StateStack.cpp */,
				FABB3B601DA88D89009E1CFF /* StateStack.hpp */,
				FA280E661DD18B6B00DBCF90 /* KeyboardManager.cpp */,
				FA280E671DD18B6B00DBCF90 /* KeyboardManager.hpp */,
				FABB3B5C1DA880BF009E1CFF /* ResourceManager.cpp */,
				FABB3B5D1DA880BF009E1CFF /* ResourceManager.hpp */,
				FABB3B561DA861A4009E1CFF /* GameEngine.cpp */,
				FABB3B571DA861A4009E1CFF /* GameEngine.hpp */,
				FA90C53F1DA0C72A00096236 /* Resources */,
				FA90C5381DA0C72A00096236 /* Supporting Files */,
			);
			path = "First Fantasy";
			sourceTree = "<group>";
		};
		FA90C5381DA0C72A00096236 /* Supporting Files */ = {
			isa = PBXGroup;
			children = (
				FA90C5391DA0C72A00096236 /* First Fantasy-Info.plist */,
			);
			name = "Supporting Files";
			sourceTree = "<group>";
		};
		FA90C53F1DA0C72A00096236 /* Resources */ = {
			isa = PBXGroup;
			children = (
				FAEFEBF51DCAC43A002A99CC /* main_menu.jpg */,
				FA6AF50D1DCC13CF00E258AD /* gameboy_start_up.wav */,
				FA280E6E1DD3199500DBCF90 /* fixedsys.ttf */,
				FA280E5E1DD1728700DBCF90 /* ff_sprite_sheet.png */,
				FA280E5F1DD1728700DBCF90 /* map_tiles.png */,
				FA280E601DD1728700DBCF90 /* skeletons.png */,
				FA280E611DD1728700DBCF90 /* zelda sprites.png */,
				FA280E501DCDDFF600DBCF90 /* golden_sun.wav */,
				FA280E5C1DCEB10500DBCF90 /* black_mage.png */,
				FA6AF50E1DCC13CF00E258AD /* victory.wav */,
				FAEFEBFB1DCACE46002A99CC /* nintendo_splash.png */,
				FAEFEBF61DCAC43A002A99CC /* world_map.jpg */,
				FA90C5401DA0C72A00096236 /* cute_image.jpg */,
				FA90C5421DA0C72A00096236 /* nice_music.ogg */,
				FA90C5441DA0C72A00096236 /* sansation.ttf */,
				FA90C5461DA0C72A00096236 /* icon.png */,
			);
			name = Resources;
			sourceTree = "<group>";
		};
/* End PBXGroup section */

/* Begin PBXNativeTarget section */
		FA90C5341DA0C72A00096236 /* First Fantasy */ = {
			isa = PBXNativeTarget;
			buildConfigurationList = FA90C54A1DA0C72A00096236 /* Build configuration list for PBXNativeTarget "First Fantasy" */;
			buildPhases = (
				FA90C5301DA0C72A00096236 /* Sources */,
				FA90C5311DA0C72A00096236 /* Frameworks */,
				FA90C5321DA0C72A00096236 /* Resources */,
				FA90C5331DA0C72A00096236 /* ShellScript */,
			);
			buildRules = (
			);
			dependencies = (
			);
			name = "First Fantasy";
			productName = "First Fantasy";
			productReference = FA90C5351DA0C72A00096236 /* First Fantasy.app */;
			productType = "com.apple.product-type.application";
		};
/* End PBXNativeTarget section */

/* Begin PBXProject section */
		FA90C52C1DA0C72A00096236 /* Project object */ = {
			isa = PBXProject;
			attributes = {
				LastUpgradeCheck = 0810;
				ORGANIZATIONNAME = "Alex Heritier";
				TargetAttributes = {
					FA90C5341DA0C72A00096236 = {
						CreatedOnToolsVersion = 7.3.1;
					};
				};
			};
			buildConfigurationList = FA90C52F1DA0C72A00096236 /* Build configuration list for PBXProject "First Fantasy" */;
			compatibilityVersion = "Xcode 3.2";
			developmentRegion = English;
			hasScannedForEncodings = 0;
			knownRegions = (
				en,
			);
			mainGroup = FA90C52B1DA0C72A00096236;
			productRefGroup = FA90C5361DA0C72A00096236 /* Products */;
			projectDirPath = "";
			projectRoot = "";
			targets = (
				FA90C5341DA0C72A00096236 /* First Fantasy */,
			);
		};
/* End PBXProject section */

/* Begin PBXResourcesBuildPhase section */
		FA90C5321DA0C72A00096236 /* Resources */ = {
			isa = PBXResourcesBuildPhase;
			buildActionMask = 2147483647;
			files = (
				FA280E641DD1728700DBCF90 /* skeletons.png in Resources */,
				FA280E621DD1728700DBCF90 /* ff_sprite_sheet.png in Resources */,
				FA90C5471DA0C72A00096236 /* icon.png in Resources */,
				FA6AF5101DCC13CF00E258AD /* victory.wav in Resources */,
				FAEFEBF81DCAC43A002A99CC /* world_map.jpg in Resources */,
				FAEFEBF71DCAC43A002A99CC /* main_menu.jpg in Resources */,
				FA280E651DD1728700DBCF90 /* zelda sprites.png in Resources */,
				FA280E6F1DD3199500DBCF90 /* fixedsys.ttf in Resources */,
				FA90C5451DA0C72A00096236 /* sansation.ttf in Resources */,
				FA90C5431DA0C72A00096236 /* nice_music.ogg in Resources */,
				FA90C5411DA0C72A00096236 /* cute_image.jpg in Resources */,
				FAEFEBFC1DCACE46002A99CC /* nintendo_splash.png in Resources */,
				FA280E511DCDDFF600DBCF90 /* golden_sun.wav in Resources */,
				FA6AF50F1DCC13CF00E258AD /* gameboy_start_up.wav in Resources */,
				FA280E5D1DCEB10500DBCF90 /* black_mage.png in Resources */,
				FA280E631DD1728700DBCF90 /* map_tiles.png in Resources */,
			);
			runOnlyForDeploymentPostprocessing = 0;
		};
/* End PBXResourcesBuildPhase section */

/* Begin PBXShellScriptBuildPhase section */
		FA90C5331DA0C72A00096236 /* ShellScript */ = {
			isa = PBXShellScriptBuildPhase;
			buildActionMask = 2147483647;
			files = (
			);
			inputPaths = (
			);
			outputPaths = (
			);
			runOnlyForDeploymentPostprocessing = 0;
			shellPath = /bin/sh;
			shellScript = "# This shell script simply copies required sfml dylibs/frameworks into the application bundle frameworks folder.\n# If you're using static libraries (which is not recommended) you should remove this script from your project.\n\n# Are we building a project that uses framework or dylibs ?\ncase \"$SFML_BINARY_TYPE\" in\n    DYLIBS)\n        frameworks=\"false\"\n        ;;\n    *)\n        frameworks=\"true\"\n        ;;\nesac\n\n# Echoes to stderr\nerror () # $* message to display\n{\n    echo $* 1>&2\n    exit 2\n}\n\nassert () # $1 is a boolean, $2...N is an error message\n{\n    if [ $# -lt 2 ]\n    then\n        error \"Internal error in assert : not enough args\"\n    fi\n\n    if [ $1 -ne 0 ]\n    then\n        shift\n        error \"$*\"\n    fi\n}\n\nforce_remove () # $1 is a path\n{\n    test $# -eq 1\n    assert $? \"force_remove() requires one parameter\"\n    rm -fr \"$1\"\n    assert $? \"couldn't remove $1\"\n}\n\ncopy () # $1 is a source, $2 is a destination\n{\n    test $# -eq 2\n    assert $? \"copy() requires two parameters\"\n    ditto \"$1\" \"$2\"\n    assert $? \"couldn't copy $1 to $2\"\n}\n\nrequire () # $1 is a SFML module like 'system' or 'audio'\n{\n    dest=\"$BUILT_PRODUCTS_DIR/$PRODUCT_NAME.app/Contents/Frameworks\"\n\n    if [ -z \"$1\" ]\n    then\n        error \"require() requires one parameter!\"\n    else\n        # clean potentially old stuff\n        force_remove \"$dest/libsfml-$1.2.dylib\"\n        force_remove \"$dest/libsfml-$1-d.2.dylib\"\n        force_remove \"$dest/sfml-$1.framework\"\n\n        # copy SFML libraries\n        if [ \"$frameworks\" = \"true\" ]\n        then\n            copy \"/Library/Frameworks/sfml-$1.framework\" \"$dest/sfml-$1.framework\"\n        elif [ \"$SFML_LINK_DYLIBS_SUFFIX\" = \"-d\" ]\n        then\n            copy \"/usr/local/lib/libsfml-$1-d.2.dylib\" \"$dest/libsfml-$1-d.2.dylib\"\n        else\n            copy \"/usr/local/lib/libsfml-$1.2.dylib\" \"$dest/libsfml-$1.2.dylib\"\n        fi\n\n        if [ \"$1\" = \"audio\" ]\n        then\n            # copy sndfile framework too\n            copy \"/Library/Frameworks/sndfile.framework\" \"$dest/sndfile.framework\"\n        fi\n\n        if [ \"$1\" = \"graphics\" ]\n        then\n            # copy freetype framework too\n            copy \"/Library/Frameworks/freetype.framework\" \"$dest/freetype.framework\"\n        fi\n    fi\n}\n\nif [ -n \"$SFML_SYSTEM\" ]\nthen\n    require \"system\"\nfi\n\nif [ -n \"$SFML_AUDIO\" ]\nthen\n    require \"audio\"\nfi\n\nif [ -n \"$SFML_NETWORK\" ]\nthen\n    require \"network\"\nfi\n\nif [ -n \"$SFML_WINDOW\" ]\nthen\n    require \"window\"\nfi\n\nif [ -n \"$SFML_GRAPHICS\" ]\nthen\n    require \"graphics\"\nfi\n\n                ";
		};
/* End PBXShellScriptBuildPhase section */

/* Begin PBXSourcesBuildPhase section */
		FA90C5301DA0C72A00096236 /* Sources */ = {
			isa = PBXSourcesBuildPhase;
			buildActionMask = 2147483647;
			files = (
				FABB3B581DA861A4009E1CFF /* GameEngine.cpp in Sources */,
				FABB3B5E1DA880BF009E1CFF /* ResourceManager.cpp in Sources */,
				FAEFEBF21DCABF64002A99CC /* BlankState.cpp in Sources */,
				FA26F8601DA9C712001EAB75 /* SplashState.cpp in Sources */,
				FAEFEBEA1DCA9B29002A99CC /* MainMenuState.cpp in Sources */,
				FA280E6B1DD2F90400DBCF90 /* DialogState.cpp in Sources */,
				FABB3B5B1DA87134009E1CFF /* State.cpp in Sources */,
				FA6AF5151DCC8D2600E258AD /* Log.cpp in Sources */,
				FAEFEBED1DCA9C0F002A99CC /* WorldMapState.cpp in Sources */,
				FA6AF5081DCBFFF500E258AD /* IntroState.cpp in Sources */,
				FA90C53E1DA0C72A00096236 /* main.cpp in Sources */,
				FA280E681DD18B6B00DBCF90 /* KeyboardManager.cpp in Sources */,
				FABB3B611DA88D89009E1CFF /* StateStack.cpp in Sources */,
				FA90C53B1DA0C72A00096236 /* ResourcePath.mm in Sources */,
			);
			runOnlyForDeploymentPostprocessing = 0;
		};
/* End PBXSourcesBuildPhase section */

/* Begin XCBuildConfiguration section */
		FA90C5481DA0C72A00096236 /* Debug */ = {
			isa = XCBuildConfiguration;
			buildSettings = {
				CLANG_CXX_LANGUAGE_STANDARD = "c++0x";
				CLANG_CXX_LIBRARY = "libc++";
				CLANG_WARN_BOOL_CONVERSION = YES;
				CLANG_WARN_CONSTANT_CONVERSION = YES;
				CLANG_WARN_EMPTY_BODY = YES;
				CLANG_WARN_ENUM_CONVERSION = YES;
				CLANG_WARN_INFINITE_RECURSION = YES;
				CLANG_WARN_INT_CONVERSION = YES;
				CLANG_WARN_SUSPICIOUS_MOVE = YES;
				CLANG_WARN_UNREACHABLE_CODE = YES;
				CLANG_WARN__DUPLICATE_METHOD_MATCH = YES;
				ENABLE_STRICT_OBJC_MSGSEND = YES;
				ENABLE_TESTABILITY = YES;
				FRAMEWORK_SEARCH_PATHS = (
					/Library/Frameworks/,
					"$(inherited)",
				);
				GCC_NO_COMMON_BLOCKS = YES;
				GCC_OPTIMIZATION_LEVEL = 0;
				GCC_PREPROCESSOR_DEFINITIONS = (
					"DEBUG=1",
					"$(inherited)",
				);
				GCC_VERSION = com.apple.compilers.llvm.clang.1_0;
				GCC_WARN_64_TO_32_BIT_CONVERSION = YES;
				GCC_WARN_ABOUT_RETURN_TYPE = YES;
				GCC_WARN_UNDECLARED_SELECTOR = YES;
				GCC_WARN_UNINITIALIZED_AUTOS = YES;
				GCC_WARN_UNUSED_FUNCTION = YES;
				GCC_WARN_UNUSED_VARIABLE = YES;
				HEADER_SEARCH_PATHS = (
					/usr/local/include/,
					"$(inherited)",
				);
				LIBRARY_SEARCH_PATHS = (
					/usr/local/lib/,
					"$(inherited)",
				);
				ONLY_ACTIVE_ARCH = YES;
				OTHER_LDFLAGS = (
					"$(inherited)",
					"$(SFML_SYSTEM)",
					"$(SFML_WINDOW)",
					"$(SFML_GRAPHICS)",
					"$(SFML_AUDIO)",
					"$(SFML_NETWORK)",
				);
				SFML_AUDIO = "$(SFML_LINK_PREFIX) sfml-audio$(SFML_LINK_SUFFIX)";
				SFML_BINARY_TYPE = FRAMEWORKS;
				SFML_GRAPHICS = "$(SFML_LINK_PREFIX) sfml-graphics$(SFML_LINK_SUFFIX)";
				SFML_LINK_DYLIBS_PREFIX = "-l";
				SFML_LINK_DYLIBS_SUFFIX = "";
				SFML_LINK_FRAMEWORKS_PREFIX = "-framework";
				SFML_LINK_FRAMEWORKS_SUFFIX = "";
				SFML_LINK_PREFIX = "$(SFML_LINK_$(SFML_BINARY_TYPE)_PREFIX)";
				SFML_LINK_SUFFIX = "$(SFML_LINK_$(SFML_BINARY_TYPE)_SUFFIX)";
				SFML_NETWORK = "$(SFML_LINK_PREFIX) sfml-network$(SFML_LINK_SUFFIX)";
				SFML_SYSTEM = "$(SFML_LINK_PREFIX) sfml-system$(SFML_LINK_SUFFIX)";
				SFML_WINDOW = "$(SFML_LINK_PREFIX) sfml-window$(SFML_LINK_SUFFIX)";
				SUPPORTED_PLATFORMS = macosx;
			};
			name = Debug;
		};
		FA90C5491DA0C72A00096236 /* Release */ = {
			isa = XCBuildConfiguration;
			buildSettings = {
				CLANG_CXX_LANGUAGE_STANDARD = "c++0x";
				CLANG_CXX_LIBRARY = "libc++";
				CLANG_WARN_BOOL_CONVERSION = YES;
				CLANG_WARN_CONSTANT_CONVERSION = YES;
				CLANG_WARN_EMPTY_BODY = YES;
				CLANG_WARN_ENUM_CONVERSION = YES;
				CLANG_WARN_INFINITE_RECURSION = YES;
				CLANG_WARN_INT_CONVERSION = YES;
				CLANG_WARN_SUSPICIOUS_MOVE = YES;
				CLANG_WARN_UNREACHABLE_CODE = YES;
				CLANG_WARN__DUPLICATE_METHOD_MATCH = YES;
				COPY_PHASE_STRIP = YES;
				ENABLE_STRICT_OBJC_MSGSEND = YES;
				FRAMEWORK_SEARCH_PATHS = (
					/Library/Frameworks/,
					"$(inherited)",
				);
				GCC_NO_COMMON_BLOCKS = YES;
				GCC_VERSION = com.apple.compilers.llvm.clang.1_0;
				GCC_WARN_64_TO_32_BIT_CONVERSION = YES;
				GCC_WARN_ABOUT_RETURN_TYPE = YES;
				GCC_WARN_UNDECLARED_SELECTOR = YES;
				GCC_WARN_UNINITIALIZED_AUTOS = YES;
				GCC_WARN_UNUSED_FUNCTION = YES;
				GCC_WARN_UNUSED_VARIABLE = YES;
				HEADER_SEARCH_PATHS = (
					/usr/local/include/,
					"$(inherited)",
				);
				LIBRARY_SEARCH_PATHS = (
					/usr/local/lib/,
					"$(inherited)",
				);
				ONLY_ACTIVE_ARCH = NO;
				OTHER_LDFLAGS = (
					"$(inherited)",
					"$(SFML_SYSTEM)",
					"$(SFML_WINDOW)",
					"$(SFML_GRAPHICS)",
					"$(SFML_AUDIO)",
					"$(SFML_NETWORK)",
				);
				SFML_AUDIO = "$(SFML_LINK_PREFIX) sfml-audio$(SFML_LINK_SUFFIX)";
				SFML_BINARY_TYPE = FRAMEWORKS;
				SFML_GRAPHICS = "$(SFML_LINK_PREFIX) sfml-graphics$(SFML_LINK_SUFFIX)";
				SFML_LINK_DYLIBS_PREFIX = "-l";
				SFML_LINK_DYLIBS_SUFFIX = "";
				SFML_LINK_FRAMEWORKS_PREFIX = "-framework";
				SFML_LINK_FRAMEWORKS_SUFFIX = "";
				SFML_LINK_PREFIX = "$(SFML_LINK_$(SFML_BINARY_TYPE)_PREFIX)";
				SFML_LINK_SUFFIX = "$(SFML_LINK_$(SFML_BINARY_TYPE)_SUFFIX)";
				SFML_NETWORK = "$(SFML_LINK_PREFIX) sfml-network$(SFML_LINK_SUFFIX)";
				SFML_SYSTEM = "$(SFML_LINK_PREFIX) sfml-system$(SFML_LINK_SUFFIX)";
				SFML_WINDOW = "$(SFML_LINK_PREFIX) sfml-window$(SFML_LINK_SUFFIX)";
				SUPPORTED_PLATFORMS = macosx;
			};
			name = Release;
		};
		FA90C54B1DA0C72A00096236 /* Debug */ = {
			isa = XCBuildConfiguration;
			buildSettings = {
				INFOPLIST_FILE = "First Fantasy/First Fantasy-Info.plist";
				PRODUCT_BUNDLE_IDENTIFIER = "Alex-Heritier.${PRODUCT_NAME:rfc1034identifier}";
				PRODUCT_NAME = "$(TARGET_NAME)";
			};
			name = Debug;
		};
		FA90C54C1DA0C72A00096236 /* Release */ = {
			isa = XCBuildConfiguration;
			buildSettings = {
				INFOPLIST_FILE = "First Fantasy/First Fantasy-Info.plist";
				PRODUCT_BUNDLE_IDENTIFIER = "Alex-Heritier.${PRODUCT_NAME:rfc1034identifier}";
				PRODUCT_NAME = "$(TARGET_NAME)";
			};
			name = Release;
		};
/* End XCBuildConfiguration section */

/* Begin XCConfigurationList section */
		FA90C52F1DA0C72A00096236 /* Build configuration list for PBXProject "First Fantasy" */ = {
			isa = XCConfigurationList;
			buildConfigurations = (
				FA90C5481DA0C72A00096236 /* Debug */,
				FA90C5491DA0C72A00096236 /* Release */,
			);
			defaultConfigurationIsVisible = 0;
			defaultConfigurationName = Release;
		};
		FA90C54A1DA0C72A00096236 /* Build configuration list for PBXNativeTarget "First Fantasy" */ = {
			isa = XCConfigurationList;
			buildConfigurations = (
				FA90C54B1DA0C72A00096236 /* Debug */,
				FA90C54C1DA0C72A00096236 /* Release */,
			);
			defaultConfigurationIsVisible = 0;
			defaultConfigurationName = Release;
		};
/* End XCConfigurationList section */
	};
	rootObject = FA90C52C1DA0C72A00096236 /* Project object */;
}
